
Microsoft Visual Studio Solution File, Format Version 12.00
# Visual Studio 15
VisualStudioVersion = 15.0.28307.1209
MinimumVisualStudioVersion = 10.0.40219.1
Project("{8BC9CEB8-8B4A-11D0-8D11-00A0C91BC942}") = "facetracker", "facetracker\facetracker.vcxproj", "{A9DBF60E-BCEC-441F-A2D9-7935718955A6}"
EndProject
Global
	GlobalSection(SolutionConfigurationPlatforms) = preSolution
		Debug|x64 = Debug|x64
		Debug|x86 = Debug|x86
		Release|x64 = Release|x64
		Release|x86 = Release|x86
	EndGlobalSection
	GlobalSection(ProjectConfigurationPlatforms) = postSolution
		{A9DBF60E-BCEC-441F-A2D9-7935718955A6}.Debug|x64.ActiveCfg = Debug|x64
		{A9DBF60E-BCEC-441F-A2D9-7935718955A6}.Debug|x64.Build.0 = Debug|x64
		{A9DBF60E-BCEC-441F-A2D9-7935718955A6}.Debug|x86.ActiveCfg = Debug|x64
		{A9DBF60E-BCEC-441F-A2D9-7935718955A6}.Debug|x86.Build.0 = Debug|x64
		{A9DBF60E-BCEC-441F-A2D9-7935718955A6}.Release|x64.ActiveCfg = Release|x64
		{A9DBF60E-BCEC-441F-A2D9-7935718955A6}.Release|x64.Build.0 = Release|x64
		{A9DBF60E-BCEC-441F-A2D9-7935718955A6}.Release|x86.ActiveCfg = Release|Win32
		{A9DBF60E-BCEC-441F-A2D9-7935718955A6}.Release|x86.Build.0 = Release|Win32
	EndGlobalSection
	GlobalSection(SolutionProperties) = preSolution
		HideSolutionNode = FALSE
	EndGlobalSection
	GlobalSection(ExtensibilityGlobals) = postSolution
		SolutionGuid = {1C2BF4E6-BBFF-4708-BD27-ADEC90A4EB66}
	EndGlobalSection
EndGlobal
